
Microsoft Visual Studio Solution File, Format Version 12.00
# Visual Studio Version 17
VisualStudioVersion = 17.5.33516.290
MinimumVisualStudioVersion = 10.0.40219.1
Project("{9A19103F-16F7-4668-BE54-9A1E7A4F7556}") = "TestAzureKeyVault.Api", "TestAzureKeyVault.Api\TestAzureKeyVault.Api.csproj", "{3F73A3A3-9F0A-48B8-9C94-04481273BD69}"
EndProject
Project("{9A19103F-16F7-4668-BE54-9A1E7A4F7556}") = "TestAzureKeyVault.Data", "TestAzureKeyVault.Data\TestAzureKeyVault.Data.csproj", "{4FE1972D-B7EA-4EB6-81FE-1F99664641C2}"
EndProject
Project("{9A19103F-16F7-4668-BE54-9A1E7A4F7556}") = "TestAzureKeyVault.Shared", "TestAzureKeyVault.Shared\TestAzureKeyVault.Shared.csproj", "{6D920173-A2F4-4F29-AC51-901EF799E75C}"
EndProject
Global
	GlobalSection(SolutionConfigurationPlatforms) = preSolution
		Debug|Any CPU = Debug|Any CPU
		Release|Any CPU = Release|Any CPU
	EndGlobalSection
	GlobalSection(ProjectConfigurationPlatforms) = postSolution
		{3F73A3A3-9F0A-48B8-9C94-04481273BD69}.Debug|Any CPU.ActiveCfg = Debug|Any CPU
		{3F73A3A3-9F0A-48B8-9C94-04481273BD69}.Debug|Any CPU.Build.0 = Debug|Any CPU
		{3F73A3A3-9F0A-48B8-9C94-04481273BD69}.Release|Any CPU.ActiveCfg = Release|Any CPU
		{3F73A3A3-9F0A-48B8-9C94-04481273BD69}.Release|Any CPU.Build.0 = Release|Any CPU
		{4FE1972D-B7EA-4EB6-81FE-1F99664641C2}.Debug|Any CPU.ActiveCfg = Debug|Any CPU
		{4FE1972D-B7EA-4EB6-81FE-1F99664641C2}.Debug|Any CPU.Build.0 = Debug|Any CPU
		{4FE1972D-B7EA-4EB6-81FE-1F99664641C2}.Release|Any CPU.ActiveCfg = Release|Any CPU
		{4FE1972D-B7EA-4EB6-81FE-1F99664641C2}.Release|Any CPU.Build.0 = Release|Any CPU
		{6D920173-A2F4-4F29-AC51-901EF799E75C}.Debug|Any CPU.ActiveCfg = Debug|Any CPU
		{6D920173-A2F4-4F29-AC51-901EF799E75C}.Debug|Any CPU.Build.0 = Debug|Any CPU
		{6D920173-A2F4-4F29-AC51-901EF799E75C}.Release|Any CPU.ActiveCfg = Release|Any CPU
		{6D920173-A2F4-4F29-AC51-901EF799E75C}.Release|Any CPU.Build.0 = Release|Any CPU
	EndGlobalSection
	GlobalSection(SolutionProperties) = preSolution
		HideSolutionNode = FALSE
	EndGlobalSection
	GlobalSection(ExtensibilityGlobals) = postSolution
		SolutionGuid = {5F16A702-116E-48BB-9F3D-571416F2E90D}
	EndGlobalSection
EndGlobal
